Microsoft Visual Studio Solution File, Format Version 12.00
# Visual Studio 15
VisualStudioVersion = 15.0.26430.16
MinimumVisualStudioVersion = 10.0.40219.1
Project("{FAE04EC0-301F-11D3-BF4B-00C04F79EFBC}") = "SpeedSketch", "SpeedSketch\SpeedSketch.csproj", "{B444174A-D715-45D0-B678-787665EFA7A3}"
EndProject
Project("{FAE04EC0-301F-11D3-BF4B-00C04F79EFBC}") = "UITestSpeedSketch", "UITestSpeedSketch\UITestSpeedSketch.csproj", "{65178F0C-38CA-4A33-B971-7894ED5AFBF2}"
EndProject
Global
	GlobalSection(SolutionConfigurationPlatforms) = preSolution
		Debug|Any CPU = Debug|Any CPU
		Debug|iPhone = Debug|iPhone
		Debug|iPhoneSimulator = Debug|iPhoneSimulator
		Release|Any CPU = Release|Any CPU
		Release|iPhone = Release|iPhone
		Release|iPhoneSimulator = Release|iPhoneSimulator
	EndGlobalSection
	GlobalSection(ProjectConfigurationPlatforms) = postSolution
		{B444174A-D715-45D0-B678-787665EFA7A3}.Debug|Any CPU.ActiveCfg = Debug|iPhoneSimulator
		{B444174A-D715-45D0-B678-787665EFA7A3}.Debug|iPhone.ActiveCfg = Debug|iPhone
		{B444174A-D715-45D0-B678-787665EFA7A3}.Debug|iPhone.Build.0 = Debug|iPhone
		{B444174A-D715-45D0-B678-787665EFA7A3}.Debug|iPhoneSimulator.ActiveCfg = Debug|iPhoneSimulator
		{B444174A-D715-45D0-B678-787665EFA7A3}.Debug|iPhoneSimulator.Build.0 = Debug|iPhoneSimulator
		{B444174A-D715-45D0-B678-787665EFA7A3}.Release|Any CPU.ActiveCfg = Release|iPhoneSimulator
		{B444174A-D715-45D0-B678-787665EFA7A3}.Release|iPhone.ActiveCfg = Release|iPhone
		{B444174A-D715-45D0-B678-787665EFA7A3}.Release|iPhone.Build.0 = Release|iPhone
		{B444174A-D715-45D0-B678-787665EFA7A3}.Release|iPhoneSimulator.ActiveCfg = Release|iPhoneSimulator
		{B444174A-D715-45D0-B678-787665EFA7A3}.Release|iPhoneSimulator.Build.0 = Release|iPhoneSimulator
		{65178F0C-38CA-4A33-B971-7894ED5AFBF2}.Debug|Any CPU.ActiveCfg = Debug|Any CPU
		{65178F0C-38CA-4A33-B971-7894ED5AFBF2}.Debug|Any CPU.Build.0 = Debug|Any CPU
		{65178F0C-38CA-4A33-B971-7894ED5AFBF2}.Debug|iPhone.ActiveCfg = Debug|Any CPU
		{65178F0C-38CA-4A33-B971-7894ED5AFBF2}.Debug|iPhone.Build.0 = Debug|Any CPU
		{65178F0C-38CA-4A33-B971-7894ED5AFBF2}.Debug|iPhoneSimulator.ActiveCfg = Debug|Any CPU
		{65178F0C-38CA-4A33-B971-7894ED5AFBF2}.Debug|iPhoneSimulator.Build.0 = Debug|Any CPU
		{65178F0C-38CA-4A33-B971-7894ED5AFBF2}.Release|Any CPU.ActiveCfg = Release|Any CPU
		{65178F0C-38CA-4A33-B971-7894ED5AFBF2}.Release|Any CPU.Build.0 = Release|Any CPU
		{65178F0C-38CA-4A33-B971-7894ED5AFBF2}.Release|iPhone.ActiveCfg = Release|Any CPU
		{65178F0C-38CA-4A33-B971-7894ED5AFBF2}.Release|iPhone.Build.0 = Release|Any CPU
		{65178F0C-38CA-4A33-B971-7894ED5AFBF2}.Release|iPhoneSimulator.ActiveCfg = Release|Any CPU
		{65178F0C-38CA-4A33-B971-7894ED5AFBF2}.Release|iPhoneSimulator.Build.0 = Release|Any CPU
	EndGlobalSection
	GlobalSection(SolutionProperties) = preSolution
		HideSolutionNode = FALSE
	EndGlobalSection
EndGlobal
